# Generated by scripts/update.sh — do not edit by hand.
# Commit this file: it is the record of what was actually verified working.
updated_utc         = 2026-07-31T14:08:59Z
llama_image         = ghcr.io/ggml-org/llama.cpp:server-cuda-b10200
llama_image_digest  = sha256:48b8053c05319cde97e64463d117b5747d3fb27475b176f85edf27bd503fa7f9
forge_version       = 0.8.2
model_repo          = unsloth/Qwen3.6-27B-GGUF
model_file          = Qwen3.6-27B-UD-Q4_K_XL.gguf
context_size        = 32768
verified            = images + GPU passthrough + forge boot verified; full smoke test pending model download
