# Generated by scripts/update.sh — do not edit by hand.
# Commit this file: it is the record of what was actually verified working.
#
# Rewritten by hand on 2026-08-15 for the Qwen3.8 migration, and again on
# 2026-08-17 when the speculative-decoding sweep settled the draft settings.
# The numbers below were measured on this model, on this box, with the config
# that is in .env right now. The next scripts/update.sh run regenerates this
# file.
updated_utc         = 2026-08-17T03:30:00Z
llama_image         = ghcr.io/ggml-org/llama.cpp:server-cuda-b10200
llama_image_digest  = sha256:48b8053c05319cde97e64463d117b5747d3fb27475b176f85edf27bd503fa7f9
forge_version       = 0.9.0
model_repo          = unsloth/Qwen3.8-27B-GGUF
model_file          = Qwen3.8-27B-UD-Q4_K_XL.gguf
model_file_sha256   = bee238bbeb3dc0a34bde4d0dedbaee1f98c009e8bb4226f03070054c12fb1372
model_repo_modified = 2026-08-15T05:48:44.000Z
context_size        = 32768
rtk_version         = 0.45.0
rtk_filters         = allow-list verified (2026-08-16, ./scripts/rtk.sh --check)
kv_cache            = f16/f16 (quantized V takes prefill off the GPU — see .env)
load_mode           = none (mmap off; MODELS_DIR is a 9p bind mount)
reasoning_effort    = medium (upstream default xhigh does not fit a 4096 budget)
spec_config         = ngram-simple,draft-mtp at n-max 4 / p-min 0.40 — the
                      measured optimum of a full 2x6 grid, adopted 2026-08-17.
                      Replaces the inherited 3.6 values (draft-mtp / 2 / 0.75).
                      Output is unchanged: every draft is verified against the
                      target model, so this is decode speed only.
verified            = smoke test 11/11 including a real tool call through forge;
                      prefill 1375 tok/s; decode 53.5 tok/s on the synthetic
                      (novel-text) bench and 191.0 tok/s on the repetition bench
                      (echo 99%, draft/cycle 26.8); draft acceptance 48.1%
                      novel / 63.6% repetitive; VRAM 21998 MiB of 24564 at
                      CTX_SIZE=32768; cold load 12-27 min depending on page cache
spec_measured       = full grid in context/bench/spec-sweep/ and the 2026-08-16
                      and 2026-08-17 entries in context/design/decisions.md.
                      Against the old draft-mtp / 2 / 0.75 on the same box:
                      1.23x on novel text, 2.20x on repetitive.
spec_variance_note  = the 53.5 tok/s synthetic figure above was taken on a busy
                      box (13 other claude sessions live; one of three runs saw
                      prefill collapse to 124.6 tok/s). The controlled sweep
                      measured 67.8 tok/s for this same config on a quiet box.
                      Treat single decode numbers as contention-sensitive and
                      compare configs only within one sweep run.
vram_note           = 21998 MiB is +529 MiB against the pre-adoption 21469 MiB.
                      n_outputs_per_seq is 1 + common_speculative_n_max(), and
                      ngram-simple reports size_m = 48, so the server sizes its
                      output buffers for 49 rather than 3. ~2.5 GiB headroom
                      remains at 32K; raising CTX_SIZE will hit this sooner than
                      it used to.
draft_depth_note    = settled. p-min was the binding knob, not n-max: at p-min
                      0.75 the draft was cut to one token on ~70% of cycles
                      (draft/cycle 1.30 against a ceiling of 2). Loosening p-min
                      first is what made raising n-max pay. draft/cycle still
                      pins against the ceiling at n-max 4 (3.79), so n-max 6/8
                      is untested and may pay further.
